Microsoft Visual Studio Solution File, Format Version 12.00
# Visual Studio Version 17
VisualStudioVersion = 17.5.2.0
MinimumVisualStudioVersion = 10.0.40219.1
Project("{FAE04EC0-301F-11D3-BF4B-00C04F79EFBC}") = "01-Buddy", "01-Buddy.csproj", "{FF4B645B-1B7F-1F8C-EDAB-D06EAE9683DD}"
EndProject
Global
	GlobalSection(SolutionConfigurationPlatforms) = preSolution
		Debug|Any CPU = Debug|Any CPU
		Release|Any CPU = Release|Any CPU
	EndGlobalSection
	GlobalSection(ProjectConfigurationPlatforms) = postSolution
		{FF4B645B-1B7F-1F8C-EDAB-D06EAE9683DD}.Debug|Any CPU.ActiveCfg = Debug|Any CPU
		{FF4B645B-1B7F-1F8C-EDAB-D06EAE9683DD}.Debug|Any CPU.Build.0 = Debug|Any CPU
		{FF4B645B-1B7F-1F8C-EDAB-D06EAE9683DD}.Release|Any CPU.ActiveCfg = Release|Any CPU
		{FF4B645B-1B7F-1F8C-EDAB-D06EAE9683DD}.Release|Any CPU.Build.0 = Release|Any CPU
	EndGlobalSection
	GlobalSection(SolutionProperties) = preSolution
		HideSolutionNode = FALSE
	EndGlobalSection
	GlobalSection(ExtensibilityGlobals) = postSolution
		SolutionGuid = {CCA9A277-CE70-4956-A9A3-5E7026349C10}
	EndGlobalSection
EndGlobal
